
Microsoft Visual Studio Solution File, Format Version 12.00
# Visual Studio 14
VisualStudioVersion = 14.0.25123.0
MinimumVisualStudioVersion = 10.0.40219.1
Project("{2150E333-8FDC-42A3-9474-1A3956D46DE8}") = "src", "src", "{07857E89-7EA6-4593-8528-036817881ADD}"
EndProject
Project("{2150E333-8FDC-42A3-9474-1A3956D46DE8}") = "Solution Items", "Solution Items", "{2A9B7231-80D0-47D8-929E-FCB45645BC84}"
	ProjectSection(SolutionItems) = preProject
		global.json = global.json
	EndProjectSection
EndProject
Project("{8BB2217D-0F2D-49D1-97BC-3654ED321F3B}") = "League", "src\League\League.xproj", "{C2770E0C-2748-4B1A-9B78-3131FE828772}"
EndProject
Global
	GlobalSection(SolutionConfigurationPlatforms) = preSolution
		Debug|Any CPU = Debug|Any CPU
		Release|Any CPU = Release|Any CPU
	EndGlobalSection
	GlobalSection(ProjectConfigurationPlatforms) = postSolution
		{C2770E0C-2748-4B1A-9B78-3131FE828772}.Debug|Any CPU.ActiveCfg = Debug|Any CPU
		{C2770E0C-2748-4B1A-9B78-3131FE828772}.Debug|Any CPU.Build.0 = Debug|Any CPU
		{C2770E0C-2748-4B1A-9B78-3131FE828772}.Release|Any CPU.ActiveCfg = Release|Any CPU
		{C2770E0C-2748-4B1A-9B78-3131FE828772}.Release|Any CPU.Build.0 = Release|Any CPU
	EndGlobalSection
	GlobalSection(SolutionProperties) = preSolution
		HideSolutionNode = FALSE
	EndGlobalSection
	GlobalSection(NestedProjects) = preSolution
		{C2770E0C-2748-4B1A-9B78-3131FE828772} = {07857E89-7EA6-4593-8528-036817881ADD}
	EndGlobalSection
EndGlobal
